
Microsoft Visual Studio Solution File, Format Version 12.00
# Visual Studio Version 16
VisualStudioVersion = 16.0.29306.81
MinimumVisualStudioVersion = 10.0.40219.1
Project("{9A19103F-16F7-4668-BE54-9A1E7A4F7556}") = "TVlPQi5Db2Rl", "TVlPQi5Db2Rl\TVlPQi5Db2Rl.csproj", "{A9520A94-7E59-42CD-BEC8-01B61B990F20}"
EndProject
Project("{9A19103F-16F7-4668-BE54-9A1E7A4F7556}") = "Models", "Models\Models.csproj", "{0869CE7F-06D7-4115-853C-2AEB87787F00}"
EndProject
Project("{9A19103F-16F7-4668-BE54-9A1E7A4F7556}") = "FileIOService", "FileIOProcessor\FileIOService.csproj", "{69B11B7F-D881-4856-A98B-AAAC7D132704}"
EndProject
Project("{FAE04EC0-301F-11D3-BF4B-00C04F79EFBC}") = "TaxCalculationService", "TaxCalculationService\TaxCalculationService.csproj", "{6145173F-7CFF-4F53-8A9D-8306788E00C3}"
EndProject
Global
	GlobalSection(SolutionConfigurationPlatforms) = preSolution
		Debug|Any CPU = Debug|Any CPU
		Release|Any CPU = Release|Any CPU
	EndGlobalSection
	GlobalSection(ProjectConfigurationPlatforms) = postSolution
		{A9520A94-7E59-42CD-BEC8-01B61B990F20}.Debug|Any CPU.ActiveCfg = Debug|Any CPU
		{A9520A94-7E59-42CD-BEC8-01B61B990F20}.Debug|Any CPU.Build.0 = Debug|Any CPU
		{A9520A94-7E59-42CD-BEC8-01B61B990F20}.Release|Any CPU.ActiveCfg = Release|Any CPU
		{A9520A94-7E59-42CD-BEC8-01B61B990F20}.Release|Any CPU.Build.0 = Release|Any CPU
		{0869CE7F-06D7-4115-853C-2AEB87787F00}.Debug|Any CPU.ActiveCfg = Debug|Any CPU
		{0869CE7F-06D7-4115-853C-2AEB87787F00}.Debug|Any CPU.Build.0 = Debug|Any CPU
		{0869CE7F-06D7-4115-853C-2AEB87787F00}.Release|Any CPU.ActiveCfg = Release|Any CPU
		{0869CE7F-06D7-4115-853C-2AEB87787F00}.Release|Any CPU.Build.0 = Release|Any CPU
		{69B11B7F-D881-4856-A98B-AAAC7D132704}.Debug|Any CPU.ActiveCfg = Debug|Any CPU
		{69B11B7F-D881-4856-A98B-AAAC7D132704}.Debug|Any CPU.Build.0 = Debug|Any CPU
		{69B11B7F-D881-4856-A98B-AAAC7D132704}.Release|Any CPU.ActiveCfg = Release|Any CPU
		{69B11B7F-D881-4856-A98B-AAAC7D132704}.Release|Any CPU.Build.0 = Release|Any CPU
		{6145173F-7CFF-4F53-8A9D-8306788E00C3}.Debug|Any CPU.ActiveCfg = Debug|Any CPU
		{6145173F-7CFF-4F53-8A9D-8306788E00C3}.Debug|Any CPU.Build.0 = Debug|Any CPU
		{6145173F-7CFF-4F53-8A9D-8306788E00C3}.Release|Any CPU.ActiveCfg = Release|Any CPU
		{6145173F-7CFF-4F53-8A9D-8306788E00C3}.Release|Any CPU.Build.0 = Release|Any CPU
	EndGlobalSection
	GlobalSection(SolutionProperties) = preSolution
		HideSolutionNode = FALSE
	EndGlobalSection
	GlobalSection(ExtensibilityGlobals) = postSolution
		SolutionGuid = {9EC93E5A-5C66-4863-9672-324A95BA8C71}
	EndGlobalSection
EndGlobal
